
Microsoft Visual Studio Solution File, Format Version 12.00
# Visual Studio Version 17
VisualStudioVersion = 17.1.32407.343
MinimumVisualStudioVersion = 10.0.40219.1
Project("{FAE04EC0-301F-11D3-BF4B-00C04F79EFBC}") = "SunPOSAPI", "SunPOSAPI\SunPOSAPI.csproj", "{08EDE1D4-4260-4921-9B31-59E15D154CE7}"
EndProject
Project("{FAE04EC0-301F-11D3-BF4B-00C04F79EFBC}") = "SunPOSData", "SunPOSData\SunPOSData.csproj", "{074B6C17-91B4-49D8-BA10-EB2820C27EB7}"
EndProject
Project("{FAE04EC0-301F-11D3-BF4B-00C04F79EFBC}") = "SunPOSServices", "SunPOSServices\SunPOSServices.csproj", "{6F41B510-8B34-4607-91A2-7E814734FA13}"
EndProject
Global
	GlobalSection(SolutionConfigurationPlatforms) = preSolution
		Debug|Any CPU = Debug|Any CPU
		Release|Any CPU = Release|Any CPU
	EndGlobalSection
	GlobalSection(ProjectConfigurationPlatforms) = postSolution
		{08EDE1D4-4260-4921-9B31-59E15D154CE7}.Debug|Any CPU.ActiveCfg = Debug|Any CPU
		{08EDE1D4-4260-4921-9B31-59E15D154CE7}.Debug|Any CPU.Build.0 = Debug|Any CPU
		{08EDE1D4-4260-4921-9B31-59E15D154CE7}.Release|Any CPU.ActiveCfg = Release|Any CPU
		{08EDE1D4-4260-4921-9B31-59E15D154CE7}.Release|Any CPU.Build.0 = Release|Any CPU
		{074B6C17-91B4-49D8-BA10-EB2820C27EB7}.Debug|Any CPU.ActiveCfg = Debug|Any CPU
		{074B6C17-91B4-49D8-BA10-EB2820C27EB7}.Debug|Any CPU.Build.0 = Debug|Any CPU
		{074B6C17-91B4-49D8-BA10-EB2820C27EB7}.Release|Any CPU.ActiveCfg = Release|Any CPU
		{074B6C17-91B4-49D8-BA10-EB2820C27EB7}.Release|Any CPU.Build.0 = Release|Any CPU
		{6F41B510-8B34-4607-91A2-7E814734FA13}.Debug|Any CPU.ActiveCfg = Debug|Any CPU
		{6F41B510-8B34-4607-91A2-7E814734FA13}.Debug|Any CPU.Build.0 = Debug|Any CPU
		{6F41B510-8B34-4607-91A2-7E814734FA13}.Release|Any CPU.ActiveCfg = Release|Any CPU
		{6F41B510-8B34-4607-91A2-7E814734FA13}.Release|Any CPU.Build.0 = Release|Any CPU
	EndGlobalSection
	GlobalSection(SolutionProperties) = preSolution
		HideSolutionNode = FALSE
	EndGlobalSection
	GlobalSection(ExtensibilityGlobals) = postSolution
		SolutionGuid = {5D15FA9A-73BF-4124-8C26-C67120431E46}
	EndGlobalSection
EndGlobal
